<?xml version="1.0" encoding="utf-8"?>
<Project ToolsVersion="4.0" xmlns="http://schemas.microsoft.com/developer/msbuild/2003">
  <ItemGroup>
    <ClCompile Include="..\src\MapAnalyzer\Attribute.cpp">
      <Filter>source</Filter>
    </ClCompile>
    <ClCompile Include="..\src\MapAnalyzer\ConvertTable.cpp">
      <Filter>source</Filter>
    </ClCompile>
    <ClCompile Include="..\src\MapAnalyzer\ObjectManager.cpp">
      <Filter>source</Filter>
    </ClCompile>
    <ClCompile Include="..\src\MapAnalyzer\SlkReader.cpp">
      <Filter>source</Filter>
    </ClCompile>
    <ClCompile Include="..\src\MapAnalyzer\TxtReader.cpp">
      <Filter>source</Filter>
    </ClCompile>
    <ClCompile Include="..\src\MapAnalyzer\VariableData.cpp">
      <Filter>source</Filter>
    </ClCompile>
    <ClCompile Include="..\src\MapAnalyzer\IniReader.cpp">
      <Filter>source</Filter>
    </ClCompile>
    <ClCompile Include="..\src\MapAnalyzer\MetaTable.cpp">
      <Filter>source</Filter>
    </ClCompile>
    <ClCompile Include="..\src\MapAnalyzer\ObjReader.cpp">
      <Filter>source</Filter>
    </ClCompile>
  </ItemGroup>
  <ItemGroup>
    <ClInclude Include="..\src\MapAnalyzer\Attribute.hpp">
      <Filter>include</Filter>
    </ClInclude>
    <ClInclude Include="..\src\MapAnalyzer\VariableData.hpp">
      <Filter>include</Filter>
    </ClInclude>
    <ClInclude Include="..\src\MapAnalyzer\BaseTable.hpp">
      <Filter>include</Filter>
    </ClInclude>
    <ClInclude Include="..\src\MapAnalyzer\Buffer.hpp">
      <Filter>include</Filter>
    </ClInclude>
    <ClInclude Include="..\src\MapAnalyzer\ConvertTable.hpp">
      <Filter>include</Filter>
    </ClInclude>
    <ClInclude Include="..\src\MapAnalyzer\Exception.hpp">
      <Filter>include</Filter>
    </ClInclude>
    <ClInclude Include="..\src\MapAnalyzer\File.hpp">
      <Filter>include</Filter>
    </ClInclude>
    <ClInclude Include="..\src\MapAnalyzer\ObjectId.hpp">
      <Filter>include</Filter>
    </ClInclude>
    <ClInclude Include="..\src\MapAnalyzer\ObjectManager.hpp">
      <Filter>include</Filter>
    </ClInclude>
    <ClInclude Include="..\src\MapAnalyzer\ObjReader.hpp">
      <Filter>include</Filter>
    </ClInclude>
    <ClInclude Include="..\src\MapAnalyzer\ObjTable.hpp">
      <Filter>include</Filter>
    </ClInclude>
    <ClInclude Include="..\src\MapAnalyzer\SlkReader.hpp">
      <Filter>include</Filter>
    </ClInclude>
    <ClInclude Include="..\src\MapAnalyzer\SlkTable.hpp">
      <Filter>include</Filter>
    </ClInclude>
    <ClInclude Include="..\src\MapAnalyzer\Storm.hpp">
      <Filter>include</Filter>
    </ClInclude>
    <ClInclude Include="..\src\MapAnalyzer\TxtReader.hpp">
      <Filter>include</Filter>
    </ClInclude>
    <ClInclude Include="..\src\MapAnalyzer\Util.hpp">
      <Filter>include</Filter>
    </ClInclude>
    <ClInclude Include="..\src\MapAnalyzer\port_StormDll.h">
      <Filter>port</Filter>
    </ClInclude>
    <ClInclude Include="..\src\MapAnalyzer\port_StormLibStatic.h">
      <Filter>port</Filter>
    </ClInclude>
    <ClInclude Include="..\src\MapAnalyzer\SlkWriter.hpp">
      <Filter>include</Filter>
    </ClInclude>
    <ClInclude Include="..\src\MapAnalyzer\IniReader.hpp">
      <Filter>include</Filter>
    </ClInclude>
    <ClInclude Include="..\src\MapAnalyzer\IniBaseReader.hpp">
      <Filter>include</Filter>
    </ClInclude>
    <ClInclude Include="..\src\MapAnalyzer\IniTable.hpp">
      <Filter>include</Filter>
    </ClInclude>
    <ClInclude Include="..\src\MapAnalyzer\IniWriter.hpp">
      <Filter>include</Filter>
    </ClInclude>
    <ClInclude Include="..\src\MapAnalyzer\MetaTable.hpp">
      <Filter>include</Filter>
    </ClInclude>
    <ClInclude Include="..\src\MapAnalyzer\Sequence.hpp">
      <Filter>include</Filter>
    </ClInclude>
    <ClInclude Include="..\src\MapAnalyzer\WtsTable.hpp">
      <Filter>include</Filter>
    </ClInclude>
    <ClInclude Include="..\src\MapAnalyzer\TextReader.hpp">
      <Filter>include</Filter>
    </ClInclude>
    <ClInclude Include="..\src\MapAnalyzer\WtsReader.hpp">
      <Filter>include</Filter>
    </ClInclude>
  </ItemGroup>
  <ItemGroup>
    <Filter Include="include">
      <UniqueIdentifier>{72b6f0e6-9afa-4044-bd85-95cfccf83fe0}</UniqueIdentifier>
    </Filter>
    <Filter Include="source">
      <UniqueIdentifier>{12dace28-ac6d-4e3e-a3a1-3a6e8b91f9fc}</UniqueIdentifier>
    </Filter>
    <Filter Include="port">
      <UniqueIdentifier>{d72b08d8-59c4-4a70-bc91-88bdcdf8acad}</UniqueIdentifier>
    </Filter>
  </ItemGroup>
</Project>